{
  "pins" : [
    {
      "identity" : "swift-snapshot-testing",
      "kind" : "remoteSourceControl",
      "location" : "https://github.com/pointfreeco/swift-snapshot-testing",
      "state" : {
        "revision" : "4862d48562483d274a2ac7522d905c9237a31a48",
        "version" : "1.15.0"
      }
    },
    {
      "identity" : "swift-syntax",
      "kind" : "remoteSourceControl",
      "location" : "https://github.com/apple/swift-syntax.git",
      "state" : {
        "revision" : "6ad4ea24b01559dde0773e3d091f1b9e36175036",
        "version" : "509.0.2"
      }
    },
    {
      "identity" : "swiftui-preview-snapshots",
      "kind" : "remoteSourceControl",
      "location" : "https://github.com/doordash-oss/swiftui-preview-snapshots",
      "state" : {
        "branch" : "main",
        "revision" : "0f59f24b7adab01b5c4271d42790032506868892"
      }
    }
  ],
  "version" : 2
}
